
Microsoft Visual Studio Solution File, Format Version 12.00
# Visual Studio 15
VisualStudioVersion = 15.0.26124.0
MinimumVisualStudioVersion = 15.0.26124.0
Project("{FAE04EC0-301F-11D3-BF4B-00C04F79EFBC}") = "Domain", "Domain\Domain.csproj", "{E438E624-1BFC-4F11-8A8F-CCD33268EEF5}"
EndProject
Project("{FAE04EC0-301F-11D3-BF4B-00C04F79EFBC}") = "Application", "Application\Application.csproj", "{3704C342-B82F-4326-8A70-7D2F172AA24A}"
EndProject
Project("{FAE04EC0-301F-11D3-BF4B-00C04F79EFBC}") = "Persistence", "Persistence\Persistence.csproj", "{748CE7F6-D994-47E1-8F9B-8AB98EB8E339}"
EndProject
Project("{FAE04EC0-301F-11D3-BF4B-00C04F79EFBC}") = "API", "API\API.csproj", "{2DD6ED52-1874-4813-9CD3-DE2682F04540}"
EndProject
Global
	GlobalSection(SolutionConfigurationPlatforms) = preSolution
		Debug|Any CPU = Debug|Any CPU
		Debug|x64 = Debug|x64
		Debug|x86 = Debug|x86
		Release|Any CPU = Release|Any CPU
		Release|x64 = Release|x64
		Release|x86 = Release|x86
	EndGlobalSection
	GlobalSection(SolutionProperties) = preSolution
		HideSolutionNode = FALSE
	EndGlobalSection
	GlobalSection(ProjectConfigurationPlatforms) = postSolution
		{E438E624-1BFC-4F11-8A8F-CCD33268EEF5}.Debug|Any CPU.ActiveCfg = Debug|Any CPU
		{E438E624-1BFC-4F11-8A8F-CCD33268EEF5}.Debug|Any CPU.Build.0 = Debug|Any CPU
		{E438E624-1BFC-4F11-8A8F-CCD33268EEF5}.Debug|x64.ActiveCfg = Debug|Any CPU
		{E438E624-1BFC-4F11-8A8F-CCD33268EEF5}.Debug|x64.Build.0 = Debug|Any CPU
		{E438E624-1BFC-4F11-8A8F-CCD33268EEF5}.Debug|x86.ActiveCfg = Debug|Any CPU
		{E438E624-1BFC-4F11-8A8F-CCD33268EEF5}.Debug|x86.Build.0 = Debug|Any CPU
		{E438E624-1BFC-4F11-8A8F-CCD33268EEF5}.Release|Any CPU.ActiveCfg = Release|Any CPU
		{E438E624-1BFC-4F11-8A8F-CCD33268EEF5}.Release|Any CPU.Build.0 = Release|Any CPU
		{E438E624-1BFC-4F11-8A8F-CCD33268EEF5}.Release|x64.ActiveCfg = Release|Any CPU
		{E438E624-1BFC-4F11-8A8F-CCD33268EEF5}.Release|x64.Build.0 = Release|Any CPU
		{E438E624-1BFC-4F11-8A8F-CCD33268EEF5}.Release|x86.ActiveCfg = Release|Any CPU
		{E438E624-1BFC-4F11-8A8F-CCD33268EEF5}.Release|x86.Build.0 = Release|Any CPU
		{3704C342-B82F-4326-8A70-7D2F172AA24A}.Debug|Any CPU.ActiveCfg = Debug|Any CPU
		{3704C342-B82F-4326-8A70-7D2F172AA24A}.Debug|Any CPU.Build.0 = Debug|Any CPU
		{3704C342-B82F-4326-8A70-7D2F172AA24A}.Debug|x64.ActiveCfg = Debug|Any CPU
		{3704C342-B82F-4326-8A70-7D2F172AA24A}.Debug|x64.Build.0 = Debug|Any CPU
		{3704C342-B82F-4326-8A70-7D2F172AA24A}.Debug|x86.ActiveCfg = Debug|Any CPU
		{3704C342-B82F-4326-8A70-7D2F172AA24A}.Debug|x86.Build.0 = Debug|Any CPU
		{3704C342-B82F-4326-8A70-7D2F172AA24A}.Release|Any CPU.ActiveCfg = Release|Any CPU
		{3704C342-B82F-4326-8A70-7D2F172AA24A}.Release|Any CPU.Build.0 = Release|Any CPU
		{3704C342-B82F-4326-8A70-7D2F172AA24A}.Release|x64.ActiveCfg = Release|Any CPU
		{3704C342-B82F-4326-8A70-7D2F172AA24A}.Release|x64.Build.0 = Release|Any CPU
		{3704C342-B82F-4326-8A70-7D2F172AA24A}.Release|x86.ActiveCfg = Release|Any CPU
		{3704C342-B82F-4326-8A70-7D2F172AA24A}.Release|x86.Build.0 = Release|Any CPU
		{748CE7F6-D994-47E1-8F9B-8AB98EB8E339}.Debug|Any CPU.ActiveCfg = Debug|Any CPU
		{748CE7F6-D994-47E1-8F9B-8AB98EB8E339}.Debug|Any CPU.Build.0 = Debug|Any CPU
		{748CE7F6-D994-47E1-8F9B-8AB98EB8E339}.Debug|x64.ActiveCfg = Debug|Any CPU
		{748CE7F6-D994-47E1-8F9B-8AB98EB8E339}.Debug|x64.Build.0 = Debug|Any CPU
		{748CE7F6-D994-47E1-8F9B-8AB98EB8E339}.Debug|x86.ActiveCfg = Debug|Any CPU
		{748CE7F6-D994-47E1-8F9B-8AB98EB8E339}.Debug|x86.Build.0 = Debug|Any CPU
		{748CE7F6-D994-47E1-8F9B-8AB98EB8E339}.Release|Any CPU.ActiveCfg = Release|Any CPU
		{748CE7F6-D994-47E1-8F9B-8AB98EB8E339}.Release|Any CPU.Build.0 = Release|Any CPU
		{748CE7F6-D994-47E1-8F9B-8AB98EB8E339}.Release|x64.ActiveCfg = Release|Any CPU
		{748CE7F6-D994-47E1-8F9B-8AB98EB8E339}.Release|x64.Build.0 = Release|Any CPU
		{748CE7F6-D994-47E1-8F9B-8AB98EB8E339}.Release|x86.ActiveCfg = Release|Any CPU
		{748CE7F6-D994-47E1-8F9B-8AB98EB8E339}.Release|x86.Build.0 = Release|Any CPU
		{2DD6ED52-1874-4813-9CD3-DE2682F04540}.Debug|Any CPU.ActiveCfg = Debug|Any CPU
		{2DD6ED52-1874-4813-9CD3-DE2682F04540}.Debug|Any CPU.Build.0 = Debug|Any CPU
		{2DD6ED52-1874-4813-9CD3-DE2682F04540}.Debug|x64.ActiveCfg = Debug|Any CPU
		{2DD6ED52-1874-4813-9CD3-DE2682F04540}.Debug|x64.Build.0 = Debug|Any CPU
		{2DD6ED52-1874-4813-9CD3-DE2682F04540}.Debug|x86.ActiveCfg = Debug|Any CPU
		{2DD6ED52-1874-4813-9CD3-DE2682F04540}.Debug|x86.Build.0 = Debug|Any CPU
		{2DD6ED52-1874-4813-9CD3-DE2682F04540}.Release|Any CPU.ActiveCfg = Release|Any CPU
		{2DD6ED52-1874-4813-9CD3-DE2682F04540}.Release|Any CPU.Build.0 = Release|Any CPU
		{2DD6ED52-1874-4813-9CD3-DE2682F04540}.Release|x64.ActiveCfg = Release|Any CPU
		{2DD6ED52-1874-4813-9CD3-DE2682F04540}.Release|x64.Build.0 = Release|Any CPU
		{2DD6ED52-1874-4813-9CD3-DE2682F04540}.Release|x86.ActiveCfg = Release|Any CPU
		{2DD6ED52-1874-4813-9CD3-DE2682F04540}.Release|x86.Build.0 = Release|Any CPU
	EndGlobalSection
EndGlobal
